// !$*UTF8*$!
{
	archiveVersion = 1;
	classes = {
	};
	objectVersion = 50;
	objects = {

/* Begin PBXBuildFile section */
		98FDAE6D20A6ED4300BBD0CC /* AppDelegate.swift in Sources */ = {isa = PBXBuildFile; fileRef = 98FDAE6C20A6ED4300BBD0CC /* AppDelegate.swift */; };
		98FDAE6F20A6ED4300BBD0CC /* ViewController.swift in Sources */ = {isa = PBXBuildFile; fileRef = 98FDAE6E20A6ED4300BBD0CC /* ViewController.swift */; };
		98FDAE7220A6ED4300BBD0CC /* Main.storyboard in Resources */ = {isa = PBXBuildFile; fileRef = 98FDAE7020A6ED4300BBD0CC /* Main.storyboard */; };
		98FDAE7420A6ED4400BBD0CC /* Assets.xcassets in Resources */ = {isa = PBXBuildFile; fileRef = 98FDAE7320A6ED4400BBD0CC /* Assets.xcassets */; };
		98FDAE7720A6ED4400BBD0CC /* LaunchScreen.storyboard in Resources */ = {isa = PBXBuildFile; fileRef = 98FDAE7520A6ED4400BBD0CC /* LaunchScreen.storyboard */; };
/* End PBXBuildFile section */

/* Begin PBXFileReference section */
		98FDAE6920A6ED4300BBD0CC /* ThingsBeaconDebug.app */ = {isa = PBXFileReference; explicitFileType = wrapper.application; includeInIndex = 0; path = ThingsBeaconDebug.app; sourceTree = BUILT_PRODUCTS_DIR; };
		98FDAE6C20A6ED4300BBD0CC /* AppDelegate.swift */ = {isa = PBXFileReference; lastKnownFileType = sourcecode.swift; path = AppDelegate.swift; sourceTree = "<group>"; };
		98FDAE6E20A6ED4300BBD0CC /* ViewController.swift */ = {isa = PBXFileReference; lastKnownFileType = sourcecode.swift; path = ViewController.swift; sourceTree = "<group>"; };
		98FDAE7120A6ED4300BBD0CC /* Base */ = {isa = PBXFileReference; lastKnownFileType = file.storyboard; name = Base; path = Base.lproj/Main.storyboard; sourceTree = "<group>"; };
		98FDAE7320A6ED4400BBD0CC /* Assets.xcassets */ = {isa = PBXFileReference; lastKnownFileType = folder.assetcatalog; path = Assets.xcassets; sourceTree = "<group>"; };
		98FDAE7620A6ED4400BBD0CC /* Base */ = {isa = PBXFileReference; lastKnownFileType = file.storyboard; name = Base; path = Base.lproj/LaunchScreen.storyboard; sourceTree = "<group>"; };
		98FDAE7820A6ED4400BBD0CC /* Info.plist */ = {isa = PBXFileReference; lastKnownFileType = text.plist.xml; path = Info.plist; sourceTree = "<group>"; };
/* End PBXFileReference section */

/* Begin PBXFrameworksBuildPhase section */
		98FDAE6620A6ED4300BBD0CC /* Frameworks */ = {
			isa = PBXFrameworksBuildPhase;
			buildActionMask = 2147483647;
			files = (
			);
			runOnlyForDeploymentPostprocessing = 0;
		};
/* End PBXFrameworksBuildPhase section */

/* Begin PBXGroup section */
		98FDAE6020A6ED4300BBD0CC = {
			isa = PBXGroup;
			children = (
				98FDAE6B20A6ED4300BBD0CC /* ThingsBeaconDebug */,
				98FDAE6A20A6ED4300BBD0CC /* Products */,
			);
			sourceTree = "<group>";
		};
		98FDAE6A20A6ED4300BBD0CC /* Products */ = {
			isa = PBXGroup;
			children = (
				98FDAE6920A6ED4300BBD0CC /* ThingsBeaconDebug.app */,
			);
			name = Products;
			sourceTree = "<group>";
		};
		98FDAE6B20A6ED4300BBD0CC /* ThingsBeaconDebug */ = {
			isa = PBXGroup;
			children = (
				98FDAE6C20A6ED4300BBD0CC /* AppDelegate.swift */,
				98FDAE6E20A6ED4300BBD0CC /* ViewController.swift */,
				98FDAE7020A6ED4300BBD0CC /* Main.storyboard */,
				98FDAE7320A6ED4400BBD0CC /* Assets.xcassets */,
				98FDAE7520A6ED4400BBD0CC /* LaunchScreen.storyboard */,
				98FDAE7820A6ED4400BBD0CC /* Info.plist */,
			);
			path = ThingsBeaconDebug;
			sourceTree = "<group>";
		};
/* End PBXGroup section */

/* Begin PBXNativeTarget section */
		98FDAE6820A6ED4300BBD0CC /* ThingsBeaconDebug */ = {
			isa = PBXNativeTarget;
			buildConfigurationList = 98FDAE7B20A6ED4400BBD0CC /* Build configuration list for PBXNativeTarget "ThingsBeaconDebug" */;
			buildPhases = (
				98FDAE6520A6ED4300BBD0CC /* Sources */,
				98FDAE6620A6ED4300BBD0CC /* Frameworks */,
				98FDAE6720A6ED4300BBD0CC /* Resources */,
			);
			buildRules = (
			);
			dependencies = (
			);
			name = ThingsBeaconDebug;
			productName = ThingsBeaconDebug;
			productReference = 98FDAE6920A6ED4300BBD0CC /* ThingsBeaconDebug.app */;
			productType = "com.apple.product-type.application";
		};
/* End PBXNativeTarget section */

/* Begin PBXProject section */
		98FDAE6120A6ED4300BBD0CC /* Project object */ = {
			isa = PBXProject;
			attributes = {
				LastSwiftUpdateCheck = 0930;
				LastUpgradeCheck = 0930;
				ORGANIZATIONNAME = SergeyKorobin;
				TargetAttributes = {
					98FDAE6820A6ED4300BBD0CC = {
						CreatedOnToolsVersion = 9.3;
					};
				};
			};
			buildConfigurationList = 98FDAE6420A6ED4300BBD0CC /* Build configuration list for PBXProject "ThingsBeaconDebug" */;
			compatibilityVersion = "Xcode 9.3";
			developmentRegion = en;
			hasScannedForEncodings = 0;
			knownRegions = (
				en,
				Base,
			);
			mainGroup = 98FDAE6020A6ED4300BBD0CC;
			productRefGroup = 98FDAE6A20A6ED4300BBD0CC /* Products */;
			projectDirPath = "";
			projectRoot = "";
			targets = (
				98FDAE6820A6ED4300BBD0CC /* ThingsBeaconDebug */,
			);
		};
/* End PBXProject section */

/* Begin PBXResourcesBuildPhase section */
		98FDAE6720A6ED4300BBD0CC /* Resources */ = {
			isa = PBXResourcesBuildPhase;
			buildActionMask = 2147483647;
			files = (
				98FDAE7720A6ED4400BBD0CC /* LaunchScreen.storyboard in Resources */,
				98FDAE7420A6ED4400BBD0CC /* Assets.xcassets in Resources */,
				98FDAE7220A6ED4300BBD0CC /* Main.storyboard in Resources */,
			);
			runOnlyForDeploymentPostprocessing = 0;
		};
/* End PBXResourcesBuildPhase section */

/* Begin PBXSourcesBuildPhase section */
		98FDAE6520A6ED4300BBD0CC /* Sources */ = {
			isa = PBXSourcesBuildPhase;
			buildActionMask = 2147483647;
			files = (
				98FDAE6F20A6ED4300BBD0CC /* ViewController.swift in Sources */,
				98FDAE6D20A6ED4300BBD0CC /* AppDelegate.swift in Sources */,
			);
			runOnlyForDeploymentPostprocessing = 0;
		};
/* End PBXSourcesBuildPhase section */

/* Begin PBXVariantGroup section */
		98FDAE7020A6ED4300BBD0CC /* Main.storyboard */ = {
			isa = PBXVariantGroup;
			children = (
				98FDAE7120A6ED4300BBD0CC /* Base */,
			);
			name = Main.storyboard;
			sourceTree = "<group>";
		};
		98FDAE7520A6ED4400BBD0CC /* LaunchScreen.storyboard */ = {
			isa = PBXVariantGroup;
			children = (
				98FDAE7620A6ED4400BBD0CC /* Base */,
			);
			name = LaunchScreen.storyboard;
			sourceTree = "<group>";
		};
/* End PBXVariantGroup section */

/* Begin XCBuildConfiguration section */
		98FDAE7920A6ED4400BBD0CC /* Debug */ = {
			isa = XCBuildConfiguration;
			buildSettings = {
				ALWAYS_SEARCH_USER_PATHS = NO;
				CLANG_ANALYZER_NONNULL = YES;
				CLANG_ANALYZER_NUMBER_OBJECT_CONVERSION = YES_AGGRESSIVE;
				CLANG_CXX_LANGUAGE_STANDARD = "gnu++14";
				CLANG_CXX_LIBRARY = "libc++";
				CLANG_ENABLE_MODULES = YES;
				CLANG_ENABLE_OBJC_ARC = YES;
				CLANG_ENABLE_OBJC_WEAK = YES;
				CLANG_WARN_BLOCK_CAPTURE_AUTORELEASING = YES;
				CLANG_WARN_BOOL_CONVERSION = YES;
				CLANG_WARN_COMMA = YES;
				CLANG_WARN_CONSTANT_CONVERSION = YES;
				CLANG_WARN_DEPRECATED_OBJC_IMPLEMENTATIONS = YES;
				CLANG_WARN_DIRECT_OBJC_ISA_USAGE = YES_ERROR;
				CLANG_WARN_DOCUMENTATION_COMMENTS = YES;
				CLANG_WARN_EMPTY_BODY = YES;
				CLANG_WARN_ENUM_CONVERSION = YES;
				CLANG_WARN_INFINITE_RECURSION = YES;
				CLANG_WARN_INT_CONVERSION = YES;
				CLANG_WARN_NON_LITERAL_NULL_CONVERSION = YES;
				CLANG_WARN_OBJC_IMPLICIT_RETAIN_SELF = YES;
				CLANG_WARN_OBJC_LITERAL_CONVERSION = YES;
				CLANG_WARN_OBJC_ROOT_CLASS = YES_ERROR;
				CLANG_WARN_RANGE_LOOP_ANALYSIS = YES;
				CLANG_WARN_STRICT_PROTOTYPES = YES;
				CLANG_WARN_SUSPICIOUS_MOVE = YES;
				CLANG_WARN_UNGUARDED_AVAILABILITY = YES_AGGRESSIVE;
				CLANG_WARN_UNREACHABLE_CODE = YES;
				CLANG_WARN__DUPLICATE_METHOD_MATCH = YES;
				CODE_SIGN_IDENTITY = "iPhone Developer";
				COPY_PHASE_STRIP = NO;
				DEBUG_INFORMATION_FORMAT = dwarf;
				ENABLE_STRICT_OBJC_MSGSEND = YES;
				ENABLE_TESTABILITY = YES;
				GCC_C_LANGUAGE_STANDARD = gnu11;
				GCC_DYNAMIC_NO_PIC = NO;
				GCC_NO_COMMON_BLOCKS = YES;
				GCC_OPTIMIZATION_LEVEL = 0;
				GCC_PREPROCESSOR_DEFINITIONS = (
					"DEBUG=1",
					"$(inherited)",
				);
				GCC_WARN_64_TO_32_BIT_CONVERSION = YES;
				GCC_WARN_ABOUT_RETURN_TYPE = YES_ERROR;
				GCC_WARN_UNDECLARED_SELECTOR = YES;
				GCC_WARN_UNINITIALIZED_AUTOS = YES_AGGRESSIVE;
				GCC_WARN_UNUSED_FUNCTION = YES;
				GCC_WARN_UNUSED_VARIABLE = YES;
				IPHONEOS_DEPLOYMENT_TARGET = 11.3;
				MTL_ENABLE_DEBUG_INFO = YES;
				ONLY_ACTIVE_ARCH = YES;
				SDKROOT = iphoneos;
				SWIFT_ACTIVE_COMPILATION_CONDITIONS = DEBUG;
				SWIFT_OPTIMIZATION_LEVEL = "-Onone";
			};
			name = Debug;
		};
		98FDAE7A20A6ED4400BBD0CC /* Release */ = {
			isa = XCBuildConfiguration;
			buildSettings = {
				ALWAYS_SEARCH_USER_PATHS = NO;
				CLANG_ANALYZER_NONNULL = YES;
				CLANG_ANALYZER_NUMBER_OBJECT_CONVERSION = YES_AGGRESSIVE;
				CLANG_CXX_LANGUAGE_STANDARD = "gnu++14";
				CLANG_CXX_LIBRARY = "libc++";
				CLANG_ENABLE_MODULES = YES;
				CLANG_ENABLE_OBJC_ARC = YES;
				CLANG_ENABLE_OBJC_WEAK = YES;
				CLANG_WARN_BLOCK_CAPTURE_AUTORELEASING = YES;
				CLANG_WARN_BOOL_CONVERSION = YES;
				CLANG_WARN_COMMA = YES;
				CLANG_WARN_CONSTANT_CONVERSION = YES;
				CLANG_WARN_DEPRECATED_OBJC_IMPLEMENTATIONS = YES;
				CLANG_WARN_DIRECT_OBJC_ISA_USAGE = YES_ERROR;
				CLANG_WARN_DOCUMENTATION_COMMENTS = YES;
				CLANG_WARN_EMPTY_BODY = YES;
				CLANG_WARN_ENUM_CONVERSION = YES;
				CLANG_WARN_INFINITE_RECURSION = YES;
				CLANG_WARN_INT_CONVERSION = YES;
				CLANG_WARN_NON_LITERAL_NULL_CONVERSION = YES;
				CLANG_WARN_OBJC_IMPLICIT_RETAIN_SELF = YES;
				CLANG_WARN_OBJC_LITERAL_CONVERSION = YES;
				CLANG_WARN_OBJC_ROOT_CLASS = YES_ERROR;
				CLANG_WARN_RANGE_LOOP_ANALYSIS = YES;
				CLANG_WARN_STRICT_PROTOTYPES = YES;
				CLANG_WARN_SUSPICIOUS_MOVE = YES;
				CLANG_WARN_UNGUARDED_AVAILABILITY = YES_AGGRESSIVE;
				CLANG_WARN_UNREACHABLE_CODE = YES;
				CLANG_WARN__DUPLICATE_METHOD_MATCH = YES;
				CODE_SIGN_IDENTITY = "iPhone Developer";
				COPY_PHASE_STRIP = NO;
				DEBUG_INFORMATION_FORMAT = "dwarf-with-dsym";
				ENABLE_NS_ASSERTIONS = NO;
				ENABLE_STRICT_OBJC_MSGSEND = YES;
				GCC_C_LANGUAGE_STANDARD = gnu11;
				GCC_NO_COMMON_BLOCKS = YES;
				GCC_WARN_64_TO_32_BIT_CONVERSION = YES;
				GCC_WARN_ABOUT_RETURN_TYPE = YES_ERROR;
				GCC_WARN_UNDECLARED_SELECTOR = YES;
				GCC_WARN_UNINITIALIZED_AUTOS = YES_AGGRESSIVE;
				GCC_WARN_UNUSED_FUNCTION = YES;
				GCC_WARN_UNUSED_VARIABLE = YES;
				IPHONEOS_DEPLOYMENT_TARGET = 11.3;
				MTL_ENABLE_DEBUG_INFO = NO;
				SDKROOT = iphoneos;
				SWIFT_COMPILATION_MODE = wholemodule;
				SWIFT_OPTIMIZATION_LEVEL = "-O";
				VALIDATE_PRODUCT = YES;
			};
			name = Release;
		};
		98FDAE7C20A6ED4400BBD0CC /* Debug */ = {
			isa = XCBuildConfiguration;
			buildSettings = {
				ASSETCATALOG_COMPILER_APPICON_NAME = AppIcon;
				CODE_SIGN_STYLE = Automatic;
				DEVELOPMENT_TEAM = F8LU4P8SUH;
				INFOPLIST_FILE = ThingsBeaconDebug/Info.plist;
				LD_RUNPATH_SEARCH_PATHS = (
					"$(inherited)",
					"@executable_path/Frameworks",
				);
				PRODUCT_BUNDLE_IDENTIFIER = com.SergeyKorobin.ThingsBeaconDebug;
				PRODUCT_NAME = "$(TARGET_NAME)";
				SWIFT_VERSION = 4.0;
				TARGETED_DEVICE_FAMILY = "1,2";
			};
			name = Debug;
		};
		98FDAE7D20A6ED4400BBD0CC /* Release */ = {
			isa = XCBuildConfiguration;
			buildSettings = {
				ASSETCATALOG_COMPILER_APPICON_NAME = AppIcon;
				CODE_SIGN_STYLE = Automatic;
				DEVELOPMENT_TEAM = F8LU4P8SUH;
				INFOPLIST_FILE = ThingsBeaconDebug/Info.plist;
				LD_RUNPATH_SEARCH_PATHS = (
					"$(inherited)",
					"@executable_path/Frameworks",
				);
				PRODUCT_BUNDLE_IDENTIFIER = com.SergeyKorobin.ThingsBeaconDebug;
				PRODUCT_NAME = "$(TARGET_NAME)";
				SWIFT_VERSION = 4.0;
				TARGETED_DEVICE_FAMILY = "1,2";
			};
			name = Release;
		};
/* End XCBuildConfiguration section */

/* Begin XCConfigurationList section */
		98FDAE6420A6ED4300BBD0CC /* Build configuration list for PBXProject "ThingsBeaconDebug" */ = {
			isa = XCConfigurationList;
			buildConfigurations = (
				98FDAE7920A6ED4400BBD0CC /* Debug */,
				98FDAE7A20A6ED4400BBD0CC /* Release */,
			);
			defaultConfigurationIsVisible = 0;
			defaultConfigurationName = Release;
		};
		98FDAE7B20A6ED4400BBD0CC /* Build configuration list for PBXNativeTarget "ThingsBeaconDebug" */ = {
			isa = XCConfigurationList;
			buildConfigurations = (
				98FDAE7C20A6ED4400BBD0CC /* Debug */,
				98FDAE7D20A6ED4400BBD0CC /* Release */,
			);
			defaultConfigurationIsVisible = 0;
			defaultConfigurationName = Release;
		};
/* End XCConfigurationList section */
	};
	rootObject = 98FDAE6120A6ED4300BBD0CC /* Project object */;
}
